
Microsoft Visual Studio Solution File, Format Version 12.00
# Visual Studio 15
VisualStudioVersion = 15.0.27130.2010
MinimumVisualStudioVersion = 10.0.40219.1
Project("{FAE04EC0-301F-11D3-BF4B-00C04F79EFBC}") = "turism", "turism\turism.csproj", "{5D6EAC3B-8AF2-443C-B03D-ED4F170E774C}"
EndProject
Global
	GlobalSection(SolutionConfigurationPlatforms) = preSolution
		Debug|Any CPU = Debug|Any CPU
		Release|Any CPU = Release|Any CPU
	EndGlobalSection
	GlobalSection(ProjectConfigurationPlatforms) = postSolution
		{5D6EAC3B-8AF2-443C-B03D-ED4F170E774C}.Debug|Any CPU.ActiveCfg = Debug|Any CPU
		{5D6EAC3B-8AF2-443C-B03D-ED4F170E774C}.Debug|Any CPU.Build.0 = Debug|Any CPU
		{5D6EAC3B-8AF2-443C-B03D-ED4F170E774C}.Release|Any CPU.ActiveCfg = Release|Any CPU
		{5D6EAC3B-8AF2-443C-B03D-ED4F170E774C}.Release|Any CPU.Build.0 = Release|Any CPU
	EndGlobalSection
	GlobalSection(SolutionProperties) = preSolution
		HideSolutionNode = FALSE
	EndGlobalSection
	GlobalSection(ExtensibilityGlobals) = postSolution
		SolutionGuid = {F67E1230-F840-419C-8F60-E068E0F54C74}
	EndGlobalSection
EndGlobal
